// !$*UTF8*$!
{
	archiveVersion = 1;
	classes = {
	};
	objectVersion = 56;
	objects = {

/* Begin PBXBuildFile section */
		CC0000000000000000000001 /* HeightMeasureApp.swift in Sources */ = {isa = PBXBuildFile; fileRef = BB0000000000000000000001 /* HeightMeasureApp.swift */; };
		CC0000000000000000000002 /* ContentView.swift in Sources */ = {isa = PBXBuildFile; fileRef = BB0000000000000000000002 /* ContentView.swift */; };
		CC0000000000000000000003 /* ARViewContainer.swift in Sources */ = {isa = PBXBuildFile; fileRef = BB0000000000000000000003 /* ARViewContainer.swift */; };
		CC0000000000000000000004 /* MeasureViewModel.swift in Sources */ = {isa = PBXBuildFile; fileRef = BB0000000000000000000004 /* MeasureViewModel.swift */; };
		CC0000000000000000000005 /* HeightCalculator.swift in Sources */ = {isa = PBXBuildFile; fileRef = BB0000000000000000000005 /* HeightCalculator.swift */; };
		CC0000000000000000000006 /* Measurement.swift in Sources */ = {isa = PBXBuildFile; fileRef = BB0000000000000000000006 /* Measurement.swift */; };
		CC0000000000000000000007 /* OverlayView.swift in Sources */ = {isa = PBXBuildFile; fileRef = BB0000000000000000000007 /* OverlayView.swift */; };
		CC0000000000000000000008 /* MeasureState.swift in Sources */ = {isa = PBXBuildFile; fileRef = BB0000000000000000000008 /* MeasureState.swift */; };
		CC0000000000000000000009 /* Assets.xcassets in Resources */ = {isa = PBXBuildFile; fileRef = BB0000000000000000000009 /* Assets.xcassets */; };
		CC000000000000000000000B /* HeightCalculatorTests.swift in Sources */ = {isa = PBXBuildFile; fileRef = BB000000000000000000000B /* HeightCalculatorTests.swift */; };
		CC000000000000000000000C /* HeightCalculator.swift in Sources */ = {isa = PBXBuildFile; fileRef = BB0000000000000000000005 /* HeightCalculator.swift */; };
		CC0000000000000000000010 /* WindowSize.swift in Sources */ = {isa = PBXBuildFile; fileRef = BB0000000000000000000010 /* WindowSize.swift */; };
		CC0000000000000000000011 /* WindowCalculator.swift in Sources */ = {isa = PBXBuildFile; fileRef = BB0000000000000000000011 /* WindowCalculator.swift */; };
		CC0000000000000000000012 /* MeasureMode.swift in Sources */ = {isa = PBXBuildFile; fileRef = BB0000000000000000000012 /* MeasureMode.swift */; };
		CC0000000000000000000013 /* WindowSize.swift in Sources */ = {isa = PBXBuildFile; fileRef = BB0000000000000000000010 /* WindowSize.swift */; };
		CC0000000000000000000014 /* WindowCalculator.swift in Sources */ = {isa = PBXBuildFile; fileRef = BB0000000000000000000011 /* WindowCalculator.swift */; };
		CC0000000000000000000015 /* WindowCalculatorTests.swift in Sources */ = {isa = PBXBuildFile; fileRef = BB0000000000000000000013 /* WindowCalculatorTests.swift */; };
/* End PBXBuildFile section */

/* Begin PBXFileReference section */
		AA0000000000000000000020 /* HeightMeasure.app */ = {isa = PBXFileReference; explicitFileType = wrapper.application; includeInIndex = 0; path = HeightMeasure.app; sourceTree = BUILT_PRODUCTS_DIR; };
		AA0000000000000000000021 /* HeightMeasureTests.xctest */ = {isa = PBXFileReference; explicitFileType = wrapper.cfbundle; includeInIndex = 0; path = HeightMeasureTests.xctest; sourceTree = BUILT_PRODUCTS_DIR; };
		BB0000000000000000000001 /* HeightMeasureApp.swift */ = {isa = PBXFileReference; lastKnownFileType = sourcecode.swift; path = HeightMeasureApp.swift; sourceTree = "<group>"; };
		BB0000000000000000000002 /* ContentView.swift */ = {isa = PBXFileReference; lastKnownFileType = sourcecode.swift; path = ContentView.swift; sourceTree = "<group>"; };
		BB0000000000000000000003 /* ARViewContainer.swift */ = {isa = PBXFileReference; lastKnownFileType = sourcecode.swift; path = ARViewContainer.swift; sourceTree = "<group>"; };
		BB0000000000000000000004 /* MeasureViewModel.swift */ = {isa = PBXFileReference; lastKnownFileType = sourcecode.swift; path = MeasureViewModel.swift; sourceTree = "<group>"; };
		BB0000000000000000000005 /* HeightCalculator.swift */ = {isa = PBXFileReference; lastKnownFileType = sourcecode.swift; path = HeightCalculator.swift; sourceTree = "<group>"; };
		BB0000000000000000000006 /* Measurement.swift */ = {isa = PBXFileReference; lastKnownFileType = sourcecode.swift; path = Measurement.swift; sourceTree = "<group>"; };
		BB0000000000000000000007 /* OverlayView.swift */ = {isa = PBXFileReference; lastKnownFileType = sourcecode.swift; path = OverlayView.swift; sourceTree = "<group>"; };
		BB0000000000000000000008 /* MeasureState.swift */ = {isa = PBXFileReference; lastKnownFileType = sourcecode.swift; path = MeasureState.swift; sourceTree = "<group>"; };
		BB0000000000000000000009 /* Assets.xcassets */ = {isa = PBXFileReference; lastKnownFileType = folder.assetcatalog; path = Assets.xcassets; sourceTree = "<group>"; };
		BB000000000000000000000A /* Info.plist */ = {isa = PBXFileReference; lastKnownFileType = text.plist.xml; path = Info.plist; sourceTree = "<group>"; };
		BB000000000000000000000B /* HeightCalculatorTests.swift */ = {isa = PBXFileReference; lastKnownFileType = sourcecode.swift; path = HeightCalculatorTests.swift; sourceTree = "<group>"; };
		BB0000000000000000000010 /* WindowSize.swift */ = {isa = PBXFileReference; lastKnownFileType = sourcecode.swift; path = WindowSize.swift; sourceTree = "<group>"; };
		BB0000000000000000000011 /* WindowCalculator.swift */ = {isa = PBXFileReference; lastKnownFileType = sourcecode.swift; path = WindowCalculator.swift; sourceTree = "<group>"; };
		BB0000000000000000000012 /* MeasureMode.swift */ = {isa = PBXFileReference; lastKnownFileType = sourcecode.swift; path = MeasureMode.swift; sourceTree = "<group>"; };
		BB0000000000000000000013 /* WindowCalculatorTests.swift */ = {isa = PBXFileReference; lastKnownFileType = sourcecode.swift; path = WindowCalculatorTests.swift; sourceTree = "<group>"; };
/* End PBXFileReference section */

/* Begin PBXFrameworksBuildPhase section */
		DD0000000000000000000002 /* Frameworks */ = {
			isa = PBXFrameworksBuildPhase;
			buildActionMask = 2147483647;
			files = (
			);
			runOnlyForDeploymentPostprocessing = 0;
		};
		DD0000000000000000000005 /* Frameworks */ = {
			isa = PBXFrameworksBuildPhase;
			buildActionMask = 2147483647;
			files = (
			);
			runOnlyForDeploymentPostprocessing = 0;
		};
/* End PBXFrameworksBuildPhase section */

/* Begin PBXGroup section */
		AA0000000000000000000002 = {
			isa = PBXGroup;
			children = (
				AA0000000000000000000004 /* HeightMeasure */,
				AA0000000000000000000005 /* HeightMeasureTests */,
				AA0000000000000000000003 /* Products */,
			);
			sourceTree = "<group>";
		};
		AA0000000000000000000003 /* Products */ = {
			isa = PBXGroup;
			children = (
				AA0000000000000000000020 /* HeightMeasure.app */,
				AA0000000000000000000021 /* HeightMeasureTests.xctest */,
			);
			name = Products;
			sourceTree = "<group>";
		};
		AA0000000000000000000004 /* HeightMeasure */ = {
			isa = PBXGroup;
			children = (
				BB0000000000000000000001 /* HeightMeasureApp.swift */,
				BB0000000000000000000002 /* ContentView.swift */,
				BB0000000000000000000003 /* ARViewContainer.swift */,
				BB0000000000000000000004 /* MeasureViewModel.swift */,
				BB0000000000000000000005 /* HeightCalculator.swift */,
				BB0000000000000000000006 /* Measurement.swift */,
				BB0000000000000000000007 /* OverlayView.swift */,
				BB0000000000000000000008 /* MeasureState.swift */,
				BB0000000000000000000012 /* MeasureMode.swift */,
				BB0000000000000000000010 /* WindowSize.swift */,
				BB0000000000000000000011 /* WindowCalculator.swift */,
				BB0000000000000000000009 /* Assets.xcassets */,
				BB000000000000000000000A /* Info.plist */,
			);
			path = HeightMeasure;
			sourceTree = "<group>";
		};
		AA0000000000000000000005 /* HeightMeasureTests */ = {
			isa = PBXGroup;
			children = (
				BB000000000000000000000B /* HeightCalculatorTests.swift */,
				BB0000000000000000000013 /* WindowCalculatorTests.swift */,
			);
			path = HeightMeasureTests;
			sourceTree = "<group>";
		};
/* End PBXGroup section */

/* Begin PBXNativeTarget section */
		AA0000000000000000000010 /* HeightMeasure */ = {
			isa = PBXNativeTarget;
			buildConfigurationList = EE0000000000000000000002 /* Build configuration list for PBXNativeTarget "HeightMeasure" */;
			buildPhases = (
				DD0000000000000000000001 /* Sources */,
				DD0000000000000000000002 /* Frameworks */,
				DD0000000000000000000003 /* Resources */,
			);
			buildRules = (
			);
			dependencies = (
			);
			name = HeightMeasure;
			productName = HeightMeasure;
			productReference = AA0000000000000000000020 /* HeightMeasure.app */;
			productType = "com.apple.product-type.application";
		};
		AA0000000000000000000011 /* HeightMeasureTests */ = {
			isa = PBXNativeTarget;
			buildConfigurationList = EE0000000000000000000003 /* Build configuration list for PBXNativeTarget "HeightMeasureTests" */;
			buildPhases = (
				DD0000000000000000000004 /* Sources */,
				DD0000000000000000000005 /* Frameworks */,
			);
			buildRules = (
			);
			dependencies = (
			);
			name = HeightMeasureTests;
			productName = HeightMeasureTests;
			productReference = AA0000000000000000000021 /* HeightMeasureTests.xctest */;
			productType = "com.apple.product-type.bundle.unit-test";
		};
/* End PBXNativeTarget section */

/* Begin PBXProject section */
		AA0000000000000000000001 /* Project object */ = {
			isa = PBXProject;
			attributes = {
				BuildIndependentTargetsInParallel = 1;
				LastSwiftUpdateCheck = 1640;
				LastUpgradeCheck = 1640;
				TargetAttributes = {
					AA0000000000000000000010 = {
						CreatedOnToolsVersion = 16.4;
					};
					AA0000000000000000000011 = {
						CreatedOnToolsVersion = 16.4;
					};
				};
			};
			buildConfigurationList = EE0000000000000000000001 /* Build configuration list for PBXProject "HeightMeasure" */;
			compatibilityVersion = "Xcode 14.0";
			developmentRegion = en;
			hasScannedForEncodings = 0;
			knownRegions = (
				en,
				Base,
			);
			mainGroup = AA0000000000000000000002;
			productRefGroup = AA0000000000000000000003 /* Products */;
			projectDirPath = "";
			projectRoot = "";
			targets = (
				AA0000000000000000000010 /* HeightMeasure */,
				AA0000000000000000000011 /* HeightMeasureTests */,
			);
		};
/* End PBXProject section */

/* Begin PBXResourcesBuildPhase section */
		DD0000000000000000000003 /* Resources */ = {
			isa = PBXResourcesBuildPhase;
			buildActionMask = 2147483647;
			files = (
				CC0000000000000000000009 /* Assets.xcassets in Resources */,
			);
			runOnlyForDeploymentPostprocessing = 0;
		};
/* End PBXResourcesBuildPhase section */

/* Begin PBXSourcesBuildPhase section */
		DD0000000000000000000001 /* Sources */ = {
			isa = PBXSourcesBuildPhase;
			buildActionMask = 2147483647;
			files = (
				CC0000000000000000000001 /* HeightMeasureApp.swift in Sources */,
				CC0000000000000000000002 /* ContentView.swift in Sources */,
				CC0000000000000000000003 /* ARViewContainer.swift in Sources */,
				CC0000000000000000000004 /* MeasureViewModel.swift in Sources */,
				CC0000000000000000000005 /* HeightCalculator.swift in Sources */,
				CC0000000000000000000006 /* Measurement.swift in Sources */,
				CC0000000000000000000007 /* OverlayView.swift in Sources */,
				CC0000000000000000000008 /* MeasureState.swift in Sources */,
				CC0000000000000000000012 /* MeasureMode.swift in Sources */,
				CC0000000000000000000010 /* WindowSize.swift in Sources */,
				CC0000000000000000000011 /* WindowCalculator.swift in Sources */,
			);
			runOnlyForDeploymentPostprocessing = 0;
		};
		DD0000000000000000000004 /* Sources */ = {
			isa = PBXSourcesBuildPhase;
			buildActionMask = 2147483647;
			files = (
				CC000000000000000000000B /* HeightCalculatorTests.swift in Sources */,
				CC000000000000000000000C /* HeightCalculator.swift in Sources */,
				CC0000000000000000000015 /* WindowCalculatorTests.swift in Sources */,
				CC0000000000000000000014 /* WindowCalculator.swift in Sources */,
				CC0000000000000000000013 /* WindowSize.swift in Sources */,
			);
			runOnlyForDeploymentPostprocessing = 0;
		};
/* End PBXSourcesBuildPhase section */

/* Begin XCBuildConfiguration section */
		FF0000000000000000000001 /* Debug */ = {
			isa = XCBuildConfiguration;
			buildSettings = {
				ALWAYS_SEARCH_USER_PATHS = NO;
				CLANG_ANALYZER_NONNULL = YES;
				CLANG_ENABLE_MODULES = YES;
				CLANG_ENABLE_OBJC_ARC = YES;
				ENABLE_STRICT_OBJC_MSGSEND = YES;
				ENABLE_TESTABILITY = YES;
				GCC_C_LANGUAGE_STANDARD = gnu17;
				GCC_NO_COMMON_BLOCKS = YES;
				IPHONEOS_DEPLOYMENT_TARGET = 17.0;
				ONLY_ACTIVE_ARCH = YES;
				SDKROOT = iphoneos;
				SWIFT_ACTIVE_COMPILATION_CONDITIONS = DEBUG;
				SWIFT_OPTIMIZATION_LEVEL = "-Onone";
			};
			name = Debug;
		};
		FF0000000000000000000002 /* Release */ = {
			isa = XCBuildConfiguration;
			buildSettings = {
				ALWAYS_SEARCH_USER_PATHS = NO;
				CLANG_ANALYZER_NONNULL = YES;
				CLANG_ENABLE_MODULES = YES;
				CLANG_ENABLE_OBJC_ARC = YES;
				ENABLE_NS_ASSERTIONS = NO;
				ENABLE_STRICT_OBJC_MSGSEND = YES;
				GCC_C_LANGUAGE_STANDARD = gnu17;
				GCC_NO_COMMON_BLOCKS = YES;
				IPHONEOS_DEPLOYMENT_TARGET = 17.0;
				SDKROOT = iphoneos;
				SWIFT_COMPILATION_MODE = wholemodule;
				SWIFT_OPTIMIZATION_LEVEL = "-O";
				VALIDATE_PRODUCT = YES;
			};
			name = Release;
		};
		FF0000000000000000000003 /* Debug */ = {
			isa = XCBuildConfiguration;
			buildSettings = {
				ASSETCATALOG_COMPILER_APPICON_NAME = AppIcon;
				ASSETCATALOG_COMPILER_GLOBAL_ACCENT_COLOR_NAME = AccentColor;
				CODE_SIGN_STYLE = Automatic;
				CURRENT_PROJECT_VERSION = 6;
				DEVELOPMENT_TEAM = VQ66MK2QQZ;
				ENABLE_PREVIEWS = YES;
				GENERATE_INFOPLIST_FILE = NO;
				INFOPLIST_FILE = HeightMeasure/Info.plist;
				INFOPLIST_KEY_UIApplicationSupportsIndirectInputEvents = YES;
				LD_RUNPATH_SEARCH_PATHS = (
					"$(inherited)",
					"@executable_path/Frameworks",
				);
				MARKETING_VERSION = 1.0;
				PRODUCT_BUNDLE_IDENTIFIER = com.shogohirasawa.heightmeasure;
				PRODUCT_NAME = "$(TARGET_NAME)";
				SWIFT_EMIT_LOC_STRINGS = YES;
				SWIFT_VERSION = 5.0;
				TARGETED_DEVICE_FAMILY = 1;
			};
			name = Debug;
		};
		FF0000000000000000000004 /* Release */ = {
			isa = XCBuildConfiguration;
			buildSettings = {
				ASSETCATALOG_COMPILER_APPICON_NAME = AppIcon;
				ASSETCATALOG_COMPILER_GLOBAL_ACCENT_COLOR_NAME = AccentColor;
				CODE_SIGN_STYLE = Automatic;
				CURRENT_PROJECT_VERSION = 6;
				DEVELOPMENT_TEAM = VQ66MK2QQZ;
				ENABLE_PREVIEWS = YES;
				GENERATE_INFOPLIST_FILE = NO;
				INFOPLIST_FILE = HeightMeasure/Info.plist;
				INFOPLIST_KEY_UIApplicationSupportsIndirectInputEvents = YES;
				LD_RUNPATH_SEARCH_PATHS = (
					"$(inherited)",
					"@executable_path/Frameworks",
				);
				MARKETING_VERSION = 1.0;
				PRODUCT_BUNDLE_IDENTIFIER = com.shogohirasawa.heightmeasure;
				PRODUCT_NAME = "$(TARGET_NAME)";
				SWIFT_EMIT_LOC_STRINGS = YES;
				SWIFT_VERSION = 5.0;
				TARGETED_DEVICE_FAMILY = 1;
			};
			name = Release;
		};
		FF0000000000000000000005 /* Debug */ = {
			isa = XCBuildConfiguration;
			buildSettings = {
				ALWAYS_EMBED_SWIFT_STANDARD_LIBRARIES = YES;
				CODE_SIGNING_ALLOWED = NO;
				CODE_SIGN_STYLE = Automatic;
				CURRENT_PROJECT_VERSION = 1;
				GENERATE_INFOPLIST_FILE = YES;
				MARKETING_VERSION = 1.0;
				PRODUCT_BUNDLE_IDENTIFIER = com.example.heightmeasure.tests;
				PRODUCT_NAME = "$(TARGET_NAME)";
				SWIFT_EMIT_LOC_STRINGS = NO;
				SWIFT_VERSION = 5.0;
				TARGETED_DEVICE_FAMILY = 1;
			};
			name = Debug;
		};
		FF0000000000000000000006 /* Release */ = {
			isa = XCBuildConfiguration;
			buildSettings = {
				ALWAYS_EMBED_SWIFT_STANDARD_LIBRARIES = YES;
				CODE_SIGNING_ALLOWED = NO;
				CODE_SIGN_STYLE = Automatic;
				CURRENT_PROJECT_VERSION = 1;
				GENERATE_INFOPLIST_FILE = YES;
				MARKETING_VERSION = 1.0;
				PRODUCT_BUNDLE_IDENTIFIER = com.example.heightmeasure.tests;
				PRODUCT_NAME = "$(TARGET_NAME)";
				SWIFT_EMIT_LOC_STRINGS = NO;
				SWIFT_VERSION = 5.0;
				TARGETED_DEVICE_FAMILY = 1;
			};
			name = Release;
		};
/* End XCBuildConfiguration section */

/* Begin XCConfigurationList section */
		EE0000000000000000000001 /* Build configuration list for PBXProject "HeightMeasure" */ = {
			isa = XCConfigurationList;
			buildConfigurations = (
				FF0000000000000000000001 /* Debug */,
				FF0000000000000000000002 /* Release */,
			);
			defaultConfigurationIsVisible = 0;
			defaultConfigurationName = Release;
		};
		EE0000000000000000000002 /* Build configuration list for PBXNativeTarget "HeightMeasure" */ = {
			isa = XCConfigurationList;
			buildConfigurations = (
				FF0000000000000000000003 /* Debug */,
				FF0000000000000000000004 /* Release */,
			);
			defaultConfigurationIsVisible = 0;
			defaultConfigurationName = Release;
		};
		EE0000000000000000000003 /* Build configuration list for PBXNativeTarget "HeightMeasureTests" */ = {
			isa = XCConfigurationList;
			buildConfigurations = (
				FF0000000000000000000005 /* Debug */,
				FF0000000000000000000006 /* Release */,
			);
			defaultConfigurationIsVisible = 0;
			defaultConfigurationName = Release;
		};
/* End XCConfigurationList section */
	};
	rootObject = AA0000000000000000000001 /* Project object */;
}
